
Microsoft Visual Studio Solution File, Format Version 12.00
# Visual Studio Version 16
VisualStudioVersion = 16.0.30002.166
MinimumVisualStudioVersion = 10.0.40219.1
Project("{FAE04EC0-301F-11D3-BF4B-00C04F79EFBC}") = "Doubly Linked List", "Doubly Linked List\Doubly Linked List.csproj", "{3FC31AAF-9219-4F72-8208-FDF528E5E4BC}"
EndProject
Global
	GlobalSection(SolutionConfigurationPlatforms) = preSolution
		Debug|Any CPU = Debug|Any CPU
		Release|Any CPU = Release|Any CPU
	EndGlobalSection
	GlobalSection(ProjectConfigurationPlatforms) = postSolution
		{3FC31AAF-9219-4F72-8208-FDF528E5E4BC}.Debug|Any CPU.ActiveCfg = Debug|Any CPU
		{3FC31AAF-9219-4F72-8208-FDF528E5E4BC}.Debug|Any CPU.Build.0 = Debug|Any CPU
		{3FC31AAF-9219-4F72-8208-FDF528E5E4BC}.Release|Any CPU.ActiveCfg = Release|Any CPU
		{3FC31AAF-9219-4F72-8208-FDF528E5E4BC}.Release|Any CPU.Build.0 = Release|Any CPU
	EndGlobalSection
	GlobalSection(SolutionProperties) = preSolution
		HideSolutionNode = FALSE
	EndGlobalSection
	GlobalSection(ExtensibilityGlobals) = postSolution
		SolutionGuid = {141CBACF-2C0D-4117-ACE9-B2541C5ABEA1}
	EndGlobalSection
EndGlobal
