
Microsoft Visual Studio Solution File, Format Version 12.00
# Visual Studio Version 16
VisualStudioVersion = 16.0.30002.166
MinimumVisualStudioVersion = 10.0.40219.1
Project("{FAE04EC0-301F-11D3-BF4B-00C04F79EFBC}") = "Hash Table", "Hash Table\Hash Table.csproj", "{5E491654-4A32-4842-98C9-0391933A5C17}"
EndProject
Global
	GlobalSection(SolutionConfigurationPlatforms) = preSolution
		Debug|Any CPU = Debug|Any CPU
		Release|Any CPU = Release|Any CPU
	EndGlobalSection
	GlobalSection(ProjectConfigurationPlatforms) = postSolution
		{5E491654-4A32-4842-98C9-0391933A5C17}.Debug|Any CPU.ActiveCfg = Debug|Any CPU
		{5E491654-4A32-4842-98C9-0391933A5C17}.Debug|Any CPU.Build.0 = Debug|Any CPU
		{5E491654-4A32-4842-98C9-0391933A5C17}.Release|Any CPU.ActiveCfg = Release|Any CPU
		{5E491654-4A32-4842-98C9-0391933A5C17}.Release|Any CPU.Build.0 = Release|Any CPU
	EndGlobalSection
	GlobalSection(SolutionProperties) = preSolution
		HideSolutionNode = FALSE
	EndGlobalSection
	GlobalSection(ExtensibilityGlobals) = postSolution
		SolutionGuid = {956B141E-2FE0-448D-A803-611AA1BC1727}
	EndGlobalSection
EndGlobal
